// !$*UTF8*$!
{
	archiveVersion = 1;
	classes = {
	};
	objectVersion = 50;
	objects = {

/* Begin PBXBuildFile section */
		5C3108DA5A108573CFAAE9F4 /* Pods_SignUpForm21.framework in Frameworks */ = {isa = PBXBuildFile; fileRef = 131489436CD4FB3769AF5622 /* Pods_SignUpForm21.framework */; };
		63C3333A26773C56001E51B5 /* AppDelegate.swift in Sources */ = {isa = PBXBuildFile; fileRef = 63C3333926773C56001E51B5 /* AppDelegate.swift */; };
		63C3333C26773C56001E51B5 /* SceneDelegate.swift in Sources */ = {isa = PBXBuildFile; fileRef = 63C3333B26773C56001E51B5 /* SceneDelegate.swift */; };
		63C3333E26773C56001E51B5 /* ViewController.swift in Sources */ = {isa = PBXBuildFile; fileRef = 63C3333D26773C56001E51B5 /* ViewController.swift */; };
		63C3334126773C56001E51B5 /* Main.storyboard in Resources */ = {isa = PBXBuildFile; fileRef = 63C3333F26773C56001E51B5 /* Main.storyboard */; };
		63C3334426773C56001E51B5 /* SignUpForm21.xcdatamodeld in Sources */ = {isa = PBXBuildFile; fileRef = 63C3334226773C56001E51B5 /* SignUpForm21.xcdatamodeld */; };
		63C3334626773C5A001E51B5 /* Assets.xcassets in Resources */ = {isa = PBXBuildFile; fileRef = 63C3334526773C5A001E51B5 /* Assets.xcassets */; };
		63C3334926773C5A001E51B5 /* LaunchScreen.storyboard in Resources */ = {isa = PBXBuildFile; fileRef = 63C3334726773C5A001E51B5 /* LaunchScreen.storyboard */; };
/* End PBXBuildFile section */

/* Begin PBXFileReference section */
		131489436CD4FB3769AF5622 /* Pods_SignUpForm21.framework */ = {isa = PBXFileReference; explicitFileType = wrapper.framework; includeInIndex = 0; path = Pods_SignUpForm21.framework; sourceTree = BUILT_PRODUCTS_DIR; };
		63C3333626773C56001E51B5 /* SignUpForm21.app */ = {isa = PBXFileReference; explicitFileType = wrapper.application; includeInIndex = 0; path = SignUpForm21.app; sourceTree = BUILT_PRODUCTS_DIR; };
		63C3333926773C56001E51B5 /* AppDelegate.swift */ = {isa = PBXFileReference; lastKnownFileType = sourcecode.swift; path = AppDelegate.swift; sourceTree = "<group>"; };
		63C3333B26773C56001E51B5 /* SceneDelegate.swift */ = {isa = PBXFileReference; lastKnownFileType = sourcecode.swift; path = SceneDelegate.swift; sourceTree = "<group>"; };
		63C3333D26773C56001E51B5 /* ViewController.swift */ = {isa = PBXFileReference; lastKnownFileType = sourcecode.swift; path = ViewController.swift; sourceTree = "<group>"; };
		63C3334026773C56001E51B5 /* Base */ = {isa = PBXFileReference; lastKnownFileType = file.storyboard; name = Base; path = Base.lproj/Main.storyboard; sourceTree = "<group>"; };
		63C3334326773C56001E51B5 /* SignUpForm21.xcdatamodel */ = {isa = PBXFileReference; lastKnownFileType = wrapper.xcdatamodel; path = SignUpForm21.xcdatamodel; sourceTree = "<group>"; };
		63C3334526773C5A001E51B5 /* Assets.xcassets */ = {isa = PBXFileReference; lastKnownFileType = folder.assetcatalog; path = Assets.xcassets; sourceTree = "<group>"; };
		63C3334826773C5A001E51B5 /* Base */ = {isa = PBXFileReference; lastKnownFileType = file.storyboard; name = Base; path = Base.lproj/LaunchScreen.storyboard; sourceTree = "<group>"; };
		63C3334A26773C5A001E51B5 /* Info.plist */ = {isa = PBXFileReference; lastKnownFileType = text.plist.xml; path = Info.plist; sourceTree = "<group>"; };
		826854E87AF5C1C4F72DE667 /* Pods-SignUpForm21.debug.xcconfig */ = {isa = PBXFileReference; includeInIndex = 1; lastKnownFileType = text.xcconfig; name = "Pods-SignUpForm21.debug.xcconfig"; path = "Target Support Files/Pods-SignUpForm21/Pods-SignUpForm21.debug.xcconfig"; sourceTree = "<group>"; };
		C50D8A8258B995E7ACA1E2EE /* Pods-SignUpForm21.release.xcconfig */ = {isa = PBXFileReference; includeInIndex = 1; lastKnownFileType = text.xcconfig; name = "Pods-SignUpForm21.release.xcconfig"; path = "Target Support Files/Pods-SignUpForm21/Pods-SignUpForm21.release.xcconfig"; sourceTree = "<group>"; };
/* End PBXFileReference section */

/* Begin PBXFrameworksBuildPhase section */
		63C3333326773C56001E51B5 /* Frameworks */ = {
			isa = PBXFrameworksBuildPhase;
			buildActionMask = 2147483647;
			files = (
				5C3108DA5A108573CFAAE9F4 /* Pods_SignUpForm21.framework in Frameworks */,
			);
			runOnlyForDeploymentPostprocessing = 0;
		};
/* End PBXFrameworksBuildPhase section */

/* Begin PBXGroup section */
		13D551AABF32D492CE8AE01E /* Pods */ = {
			isa = PBXGroup;
			children = (
				826854E87AF5C1C4F72DE667 /* Pods-SignUpForm21.debug.xcconfig */,
				C50D8A8258B995E7ACA1E2EE /* Pods-SignUpForm21.release.xcconfig */,
			);
			name = Pods;
			path = Pods;
			sourceTree = "<group>";
		};
		63C3332D26773C56001E51B5 = {
			isa = PBXGroup;
			children = (
				63C3333826773C56001E51B5 /* SignUpForm21 */,
				63C3333726773C56001E51B5 /* Products */,
				13D551AABF32D492CE8AE01E /* Pods */,
				99A48154D44E0365A4C6B2A4 /* Frameworks */,
			);
			sourceTree = "<group>";
		};
		63C3333726773C56001E51B5 /* Products */ = {
			isa = PBXGroup;
			children = (
				63C3333626773C56001E51B5 /* SignUpForm21.app */,
			);
			name = Products;
			sourceTree = "<group>";
		};
		63C3333826773C56001E51B5 /* SignUpForm21 */ = {
			isa = PBXGroup;
			children = (
				63C3333926773C56001E51B5 /* AppDelegate.swift */,
				63C3333B26773C56001E51B5 /* SceneDelegate.swift */,
				63C3333D26773C56001E51B5 /* ViewController.swift */,
				63C3333F26773C56001E51B5 /* Main.storyboard */,
				63C3334526773C5A001E51B5 /* Assets.xcassets */,
				63C3334726773C5A001E51B5 /* LaunchScreen.storyboard */,
				63C3334A26773C5A001E51B5 /* Info.plist */,
				63C3334226773C56001E51B5 /* SignUpForm21.xcdatamodeld */,
			);
			path = SignUpForm21;
			sourceTree = "<group>";
		};
		99A48154D44E0365A4C6B2A4 /* Frameworks */ = {
			isa = PBXGroup;
			children = (
				131489436CD4FB3769AF5622 /* Pods_SignUpForm21.framework */,
			);
			name = Frameworks;
			sourceTree = "<group>";
		};
/* End PBXGroup section */

/* Begin PBXNativeTarget section */
		63C3333526773C56001E51B5 /* SignUpForm21 */ = {
			isa = PBXNativeTarget;
			buildConfigurationList = 63C3334D26773C5A001E51B5 /* Build configuration list for PBXNativeTarget "SignUpForm21" */;
			buildPhases = (
				1295099C13FD85057EE41CA4 /* [CP] Check Pods Manifest.lock */,
				63C3333226773C56001E51B5 /* Sources */,
				63C3333326773C56001E51B5 /* Frameworks */,
				63C3333426773C56001E51B5 /* Resources */,
				31BF8053E2EB8176AF37188B /* [CP] Embed Pods Frameworks */,
			);
			buildRules = (
			);
			dependencies = (
			);
			name = SignUpForm21;
			productName = SignUpForm21;
			productReference = 63C3333626773C56001E51B5 /* SignUpForm21.app */;
			productType = "com.apple.product-type.application";
		};
/* End PBXNativeTarget section */

/* Begin PBXProject section */
		63C3332E26773C56001E51B5 /* Project object */ = {
			isa = PBXProject;
			attributes = {
				LastSwiftUpdateCheck = 1230;
				LastUpgradeCheck = 1230;
				TargetAttributes = {
					63C3333526773C56001E51B5 = {
						CreatedOnToolsVersion = 12.3;
					};
				};
			};
			buildConfigurationList = 63C3333126773C56001E51B5 /* Build configuration list for PBXProject "SignUpForm21" */;
			compatibilityVersion = "Xcode 9.3";
			developmentRegion = en;
			hasScannedForEncodings = 0;
			knownRegions = (
				en,
				Base,
			);
			mainGroup = 63C3332D26773C56001E51B5;
			productRefGroup = 63C3333726773C56001E51B5 /* Products */;
			projectDirPath = "";
			projectRoot = "";
			targets = (
				63C3333526773C56001E51B5 /* SignUpForm21 */,
			);
		};
/* End PBXProject section */

/* Begin PBXResourcesBuildPhase section */
		63C3333426773C56001E51B5 /* Resources */ = {
			isa = PBXResourcesBuildPhase;
			buildActionMask = 2147483647;
			files = (
				63C3334926773C5A001E51B5 /* LaunchScreen.storyboard in Resources */,
				63C3334626773C5A001E51B5 /* Assets.xcassets in Resources */,
				63C3334126773C56001E51B5 /* Main.storyboard in Resources */,
			);
			runOnlyForDeploymentPostprocessing = 0;
		};
/* End PBXResourcesBuildPhase section */

/* Begin PBXShellScriptBuildPhase section */
		1295099C13FD85057EE41CA4 /* [CP] Check Pods Manifest.lock */ = {
			isa = PBXShellScriptBuildPhase;
			buildActionMask = 2147483647;
			files = (
			);
			inputFileListPaths = (
			);
			inputPaths = (
				"${PODS_PODFILE_DIR_PATH}/Podfile.lock",
				"${PODS_ROOT}/Manifest.lock",
			);
			name = "[CP] Check Pods Manifest.lock";
			outputFileListPaths = (
			);
			outputPaths = (
				"$(DERIVED_FILE_DIR)/Pods-SignUpForm21-checkManifestLockResult.txt",
			);
			runOnlyForDeploymentPostprocessing = 0;
			shellPath = /bin/sh;
			shellScript = "diff \"${PODS_PODFILE_DIR_PATH}/Podfile.lock\" \"${PODS_ROOT}/Manifest.lock\" > /dev/null\nif [ $? != 0 ] ; then\n    # print error to STDERR\n    echo \"error: The sandbox is not in sync with the Podfile.lock. Run 'pod install' or update your CocoaPods installation.\" >&2\n    exit 1\nfi\n# This output is used by Xcode 'outputs' to avoid re-running this script phase.\necho \"SUCCESS\" > \"${SCRIPT_OUTPUT_FILE_0}\"\n";
			showEnvVarsInLog = 0;
		};
		31BF8053E2EB8176AF37188B /* [CP] Embed Pods Frameworks */ = {
			isa = PBXShellScriptBuildPhase;
			buildActionMask = 2147483647;
			files = (
			);
			inputFileListPaths = (
				"${PODS_ROOT}/Target Support Files/Pods-SignUpForm21/Pods-SignUpForm21-frameworks-${CONFIGURATION}-input-files.xcfilelist",
			);
			name = "[CP] Embed Pods Frameworks";
			outputFileListPaths = (
				"${PODS_ROOT}/Target Support Files/Pods-SignUpForm21/Pods-SignUpForm21-frameworks-${CONFIGURATION}-output-files.xcfilelist",
			);
			runOnlyForDeploymentPostprocessing = 0;
			shellPath = /bin/sh;
			shellScript = "\"${PODS_ROOT}/Target Support Files/Pods-SignUpForm21/Pods-SignUpForm21-frameworks.sh\"\n";
			showEnvVarsInLog = 0;
		};
/* End PBXShellScriptBuildPhase section */

/* Begin PBXSourcesBuildPhase section */
		63C3333226773C56001E51B5 /* Sources */ = {
			isa = PBXSourcesBuildPhase;
			buildActionMask = 2147483647;
			files = (
				63C3333E26773C56001E51B5 /* ViewController.swift in Sources */,
				63C3333A26773C56001E51B5 /* AppDelegate.swift in Sources */,
				63C3334426773C56001E51B5 /* SignUpForm21.xcdatamodeld in Sources */,
				63C3333C26773C56001E51B5 /* SceneDelegate.swift in Sources */,
			);
			runOnlyForDeploymentPostprocessing = 0;
		};
/* End PBXSourcesBuildPhase section */

/* Begin PBXVariantGroup section */
		63C3333F26773C56001E51B5 /* Main.storyboard */ = {
			isa = PBXVariantGroup;
			children = (
				63C3334026773C56001E51B5 /* Base */,
			);
			name = Main.storyboard;
			sourceTree = "<group>";
		};
		63C3334726773C5A001E51B5 /* LaunchScreen.storyboard */ = {
			isa = PBXVariantGroup;
			children = (
				63C3334826773C5A001E51B5 /* Base */,
			);
			name = LaunchScreen.storyboard;
			sourceTree = "<group>";
		};
/* End PBXVariantGroup section */

/* Begin XCBuildConfiguration section */
		63C3334B26773C5A001E51B5 /* Debug */ = {
			isa = XCBuildConfiguration;
			buildSettings = {
				ALWAYS_SEARCH_USER_PATHS = NO;
				CLANG_ANALYZER_NONNULL = YES;
				CLANG_ANALYZER_NUMBER_OBJECT_CONVERSION = YES_AGGRESSIVE;
				CLANG_CXX_LANGUAGE_STANDARD = "gnu++14";
				CLANG_CXX_LIBRARY = "libc++";
				CLANG_ENABLE_MODULES = YES;
				CLANG_ENABLE_OBJC_ARC = YES;
				CLANG_ENABLE_OBJC_WEAK = YES;
				CLANG_WARN_BLOCK_CAPTURE_AUTORELEASING = YES;
				CLANG_WARN_BOOL_CONVERSION = YES;
				CLANG_WARN_COMMA = YES;
				CLANG_WARN_CONSTANT_CONVERSION = YES;
				CLANG_WARN_DEPRECATED_OBJC_IMPLEMENTATIONS = YES;
				CLANG_WARN_DIRECT_OBJC_ISA_USAGE = YES_ERROR;
				CLANG_WARN_DOCUMENTATION_COMMENTS = YES;
				CLANG_WARN_EMPTY_BODY = YES;
				CLANG_WARN_ENUM_CONVERSION = YES;
				CLANG_WARN_INFINITE_RECURSION = YES;
				CLANG_WARN_INT_CONVERSION = YES;
				CLANG_WARN_NON_LITERAL_NULL_CONVERSION = YES;
				CLANG_WARN_OBJC_IMPLICIT_RETAIN_SELF = YES;
				CLANG_WARN_OBJC_LITERAL_CONVERSION = YES;
				CLANG_WARN_OBJC_ROOT_CLASS = YES_ERROR;
				CLANG_WARN_QUOTED_INCLUDE_IN_FRAMEWORK_HEADER = YES;
				CLANG_WARN_RANGE_LOOP_ANALYSIS = YES;
				CLANG_WARN_STRICT_PROTOTYPES = YES;
				CLANG_WARN_SUSPICIOUS_MOVE = YES;
				CLANG_WARN_UNGUARDED_AVAILABILITY = YES_AGGRESSIVE;
				CLANG_WARN_UNREACHABLE_CODE = YES;
				CLANG_WARN__DUPLICATE_METHOD_MATCH = YES;
				COPY_PHASE_STRIP = NO;
				DEBUG_INFORMATION_FORMAT = dwarf;
				ENABLE_STRICT_OBJC_MSGSEND = YES;
				ENABLE_TESTABILITY = YES;
				GCC_C_LANGUAGE_STANDARD = gnu11;
				GCC_DYNAMIC_NO_PIC = NO;
				GCC_NO_COMMON_BLOCKS = YES;
				GCC_OPTIMIZATION_LEVEL = 0;
				GCC_PREPROCESSOR_DEFINITIONS = (
					"DEBUG=1",
					"$(inherited)",
				);
				GCC_WARN_64_TO_32_BIT_CONVERSION = YES;
				GCC_WARN_ABOUT_RETURN_TYPE = YES_ERROR;
				GCC_WARN_UNDECLARED_SELECTOR = YES;
				GCC_WARN_UNINITIALIZED_AUTOS = YES_AGGRESSIVE;
				GCC_WARN_UNUSED_FUNCTION = YES;
				GCC_WARN_UNUSED_VARIABLE = YES;
				IPHONEOS_DEPLOYMENT_TARGET = 14.3;
				MTL_ENABLE_DEBUG_INFO = INCLUDE_SOURCE;
				MTL_FAST_MATH = YES;
				ONLY_ACTIVE_ARCH = YES;
				SDKROOT = iphoneos;
				SWIFT_ACTIVE_COMPILATION_CONDITIONS = DEBUG;
				SWIFT_OPTIMIZATION_LEVEL = "-Onone";
			};
			name = Debug;
		};
		63C3334C26773C5A001E51B5 /* Release */ = {
			isa = XCBuildConfiguration;
			buildSettings = {
				ALWAYS_SEARCH_USER_PATHS = NO;
				CLANG_ANALYZER_NONNULL = YES;
				CLANG_ANALYZER_NUMBER_OBJECT_CONVERSION = YES_AGGRESSIVE;
				CLANG_CXX_LANGUAGE_STANDARD = "gnu++14";
				CLANG_CXX_LIBRARY = "libc++";
				CLANG_ENABLE_MODULES = YES;
				CLANG_ENABLE_OBJC_ARC = YES;
				CLANG_ENABLE_OBJC_WEAK = YES;
				CLANG_WARN_BLOCK_CAPTURE_AUTORELEASING = YES;
				CLANG_WARN_BOOL_CONVERSION = YES;
				CLANG_WARN_COMMA = YES;
				CLANG_WARN_CONSTANT_CONVERSION = YES;
				CLANG_WARN_DEPRECATED_OBJC_IMPLEMENTATIONS = YES;
				CLANG_WARN_DIRECT_OBJC_ISA_USAGE = YES_ERROR;
				CLANG_WARN_DOCUMENTATION_COMMENTS = YES;
				CLANG_WARN_EMPTY_BODY = YES;
				CLANG_WARN_ENUM_CONVERSION = YES;
				CLANG_WARN_INFINITE_RECURSION = YES;
				CLANG_WARN_INT_CONVERSION = YES;
				CLANG_WARN_NON_LITERAL_NULL_CONVERSION = YES;
				CLANG_WARN_OBJC_IMPLICIT_RETAIN_SELF = YES;
				CLANG_WARN_OBJC_LITERAL_CONVERSION = YES;
				CLANG_WARN_OBJC_ROOT_CLASS = YES_ERROR;
				CLANG_WARN_QUOTED_INCLUDE_IN_FRAMEWORK_HEADER = YES;
				CLANG_WARN_RANGE_LOOP_ANALYSIS = YES;
				CLANG_WARN_STRICT_PROTOTYPES = YES;
				CLANG_WARN_SUSPICIOUS_MOVE = YES;
				CLANG_WARN_UNGUARDED_AVAILABILITY = YES_AGGRESSIVE;
				CLANG_WARN_UNREACHABLE_CODE = YES;
				CLANG_WARN__DUPLICATE_METHOD_MATCH = YES;
				COPY_PHASE_STRIP = NO;
				DEBUG_INFORMATION_FORMAT = "dwarf-with-dsym";
				ENABLE_NS_ASSERTIONS = NO;
				ENABLE_STRICT_OBJC_MSGSEND = YES;
				GCC_C_LANGUAGE_STANDARD = gnu11;
				GCC_NO_COMMON_BLOCKS = YES;
				GCC_WARN_64_TO_32_BIT_CONVERSION = YES;
				GCC_WARN_ABOUT_RETURN_TYPE = YES_ERROR;
				GCC_WARN_UNDECLARED_SELECTOR = YES;
				GCC_WARN_UNINITIALIZED_AUTOS = YES_AGGRESSIVE;
				GCC_WARN_UNUSED_FUNCTION = YES;
				GCC_WARN_UNUSED_VARIABLE = YES;
				IPHONEOS_DEPLOYMENT_TARGET = 14.3;
				MTL_ENABLE_DEBUG_INFO = NO;
				MTL_FAST_MATH = YES;
				SDKROOT = iphoneos;
				SWIFT_COMPILATION_MODE = wholemodule;
				SWIFT_OPTIMIZATION_LEVEL = "-O";
				VALIDATE_PRODUCT = YES;
			};
			name = Release;
		};
		63C3334E26773C5A001E51B5 /* Debug */ = {
			isa = XCBuildConfiguration;
			baseConfigurationReference = 826854E87AF5C1C4F72DE667 /* Pods-SignUpForm21.debug.xcconfig */;
			buildSettings = {
				ASSETCATALOG_COMPILER_APPICON_NAME = AppIcon;
				ASSETCATALOG_COMPILER_GLOBAL_ACCENT_COLOR_NAME = AccentColor;
				CODE_SIGN_STYLE = Automatic;
				DEVELOPMENT_TEAM = P2F6R4PWDW;
				INFOPLIST_FILE = SignUpForm21/Info.plist;
				LD_RUNPATH_SEARCH_PATHS = (
					"$(inherited)",
					"@executable_path/Frameworks",
				);
				PRODUCT_BUNDLE_IDENTIFIER = comSushil.SignUpForm21;
				PRODUCT_NAME = "$(TARGET_NAME)";
				SWIFT_VERSION = 5.0;
				TARGETED_DEVICE_FAMILY = "1,2";
			};
			name = Debug;
		};
		63C3334F26773C5A001E51B5 /* Release */ = {
			isa = XCBuildConfiguration;
			baseConfigurationReference = C50D8A8258B995E7ACA1E2EE /* Pods-SignUpForm21.release.xcconfig */;
			buildSettings = {
				ASSETCATALOG_COMPILER_APPICON_NAME = AppIcon;
				ASSETCATALOG_COMPILER_GLOBAL_ACCENT_COLOR_NAME = AccentColor;
				CODE_SIGN_STYLE = Automatic;
				DEVELOPMENT_TEAM = P2F6R4PWDW;
				INFOPLIST_FILE = SignUpForm21/Info.plist;
				LD_RUNPATH_SEARCH_PATHS = (
					"$(inherited)",
					"@executable_path/Frameworks",
				);
				PRODUCT_BUNDLE_IDENTIFIER = comSushil.SignUpForm21;
				PRODUCT_NAME = "$(TARGET_NAME)";
				SWIFT_VERSION = 5.0;
				TARGETED_DEVICE_FAMILY = "1,2";
			};
			name = Release;
		};
/* End XCBuildConfiguration section */

/* Begin XCConfigurationList section */
		63C3333126773C56001E51B5 /* Build configuration list for PBXProject "SignUpForm21" */ = {
			isa = XCConfigurationList;
			buildConfigurations = (
				63C3334B26773C5A001E51B5 /* Debug */,
				63C3334C26773C5A001E51B5 /* Release */,
			);
			defaultConfigurationIsVisible = 0;
			defaultConfigurationName = Release;
		};
		63C3334D26773C5A001E51B5 /* Build configuration list for PBXNativeTarget "SignUpForm21" */ = {
			isa = XCConfigurationList;
			buildConfigurations = (
				63C3334E26773C5A001E51B5 /* Debug */,
				63C3334F26773C5A001E51B5 /* Release */,
			);
			defaultConfigurationIsVisible = 0;
			defaultConfigurationName = Release;
		};
/* End XCConfigurationList section */

/* Begin XCVersionGroup section */
		63C3334226773C56001E51B5 /* SignUpForm21.xcdatamodeld */ = {
			isa = XCVersionGroup;
			children = (
				63C3334326773C56001E51B5 /* SignUpForm21.xcdatamodel */,
			);
			currentVersion = 63C3334326773C56001E51B5 /* SignUpForm21.xcdatamodel */;
			path = SignUpForm21.xcdatamodeld;
			sourceTree = "<group>";
			versionGroupType = wrapper.xcdatamodel;
		};
/* End XCVersionGroup section */
	};
	rootObject = 63C3332E26773C56001E51B5 /* Project object */;
}
